
Microsoft Visual Studio Solution File, Format Version 12.00
# Visual Studio 15
VisualStudioVersion = 15.0.27004.2010
MinimumVisualStudioVersion = 10.0.40219.1
Project("{FAE04EC0-301F-11D3-BF4B-00C04F79EFBC}") = "LokcTimeJob", "LokcTimeJob\LokcTimeJob.csproj", "{33C30C96-A218-4A35-A70F-7329CFEAE332}"
EndProject
Global
	GlobalSection(SolutionConfigurationPlatforms) = preSolution
		Debug|Any CPU = Debug|Any CPU
		Release|Any CPU = Release|Any CPU
	EndGlobalSection
	GlobalSection(ProjectConfigurationPlatforms) = postSolution
		{33C30C96-A218-4A35-A70F-7329CFEAE332}.Debug|Any CPU.ActiveCfg = Debug|Any CPU
		{33C30C96-A218-4A35-A70F-7329CFEAE332}.Debug|Any CPU.Build.0 = Debug|Any CPU
		{33C30C96-A218-4A35-A70F-7329CFEAE332}.Release|Any CPU.ActiveCfg = Release|Any CPU
		{33C30C96-A218-4A35-A70F-7329CFEAE332}.Release|Any CPU.Build.0 = Release|Any CPU
	EndGlobalSection
	GlobalSection(SolutionProperties) = preSolution
		HideSolutionNode = FALSE
	EndGlobalSection
	GlobalSection(ExtensibilityGlobals) = postSolution
		SolutionGuid = {07291B12-5991-4C6F-AEE2-F5DB78FC24D5}
	EndGlobalSection
EndGlobal
